
Microsoft Visual Studio Solution File, Format Version 12.00
# Visual Studio Version 17
VisualStudioVersion = 17.4.33122.133
MinimumVisualStudioVersion = 10.0.40219.1
Project("{9A19103F-16F7-4668-BE54-9A1E7A4F7556}") = "FinancialTracker", "FinancialTracker.csproj", "{53C12F2C-8CC5-4FC5-982B-964A6EE50615}"
EndProject
Global
	GlobalSection(SolutionConfigurationPlatforms) = preSolution
		Debug|Any CPU = Debug|Any CPU
		Release|Any CPU = Release|Any CPU
	EndGlobalSection
	GlobalSection(ProjectConfigurationPlatforms) = postSolution
		{53C12F2C-8CC5-4FC5-982B-964A6EE50615}.Debug|Any CPU.ActiveCfg = Debug|Any CPU
		{53C12F2C-8CC5-4FC5-982B-964A6EE50615}.Debug|Any CPU.Build.0 = Debug|Any CPU
		{53C12F2C-8CC5-4FC5-982B-964A6EE50615}.Release|Any CPU.ActiveCfg = Release|Any CPU
		{53C12F2C-8CC5-4FC5-982B-964A6EE50615}.Release|Any CPU.Build.0 = Release|Any CPU
	EndGlobalSection
	GlobalSection(SolutionProperties) = preSolution
		HideSolutionNode = FALSE
	EndGlobalSection
	GlobalSection(ExtensibilityGlobals) = postSolution
		SolutionGuid = {7587D57C-A4EE-4A33-902A-6F5AD5F0CADB}
	EndGlobalSection
EndGlobal
